{
  "name": "idix-cli",
  "version": "1.0.2",
  "lockfileVersion": 1,
  "requires": true,
  "dependencies": {
    "ansi-align": {
      "version": "3.0.1",
      "resolved": "https://registry.npmjs.org/ansi-align/-/ansi-align-3.0.1.tgz",
      "integrity": "sha512-IOfwwBF5iczOjp/WeY4YxyjqAFMQoZufdQWDd19SEExbVLNXqvpzSJ/M7Za4/sCPmQ0+GRquoA7bGcINcxew6w==",
      "requires": {
        "string-width": "^4.1.0"
      }
    },
    "ansi-regex": {
      "version": "5.0.1",
      "resolved": "https://registry.npmjs.org/ansi-regex/-/ansi-regex-5.0.1.tgz",
      "integrity": "sha512-quJQXlTSUGL2LH9SUXo8VwsY4soanhgo6LNSm84E1LBcE8s3O0wpdiRzyR9z/ZZJMlMWv37qOOb9pdJlMUEKFQ=="
    },
    "ansi-styles": {
      "version": "4.3.0",
      "resolved": "https://registry.npmjs.org/ansi-styles/-/ansi-styles-4.3.0.tgz",
      "integrity": "sha512-zbB9rCJAT1rbjiVDb2hqKFHNYLxgtk8NURxZ3IZwD3F6NtxbXZQCnnSi1Lkx+IDohdPlFp222wVALIheZJQSEg==",
      "requires": {
        "color-convert": "^2.0.1"
      }
    },
    "axios": {
      "version": "0.22.0",
      "resolved": "https://registry.npmjs.org/axios/-/axios-0.22.0.tgz",
      "integrity": "sha512-Z0U3uhqQeg1oNcihswf4ZD57O3NrR1+ZXhxaROaWpDmsDTx7T2HNBV2ulBtie2hwJptu8UvgnJoK+BIqdzh/1w==",
      "requires": {
        "follow-redirects": "^1.14.4"
      }
    },
    "boxen": {
      "version": "6.2.0",
      "resolved": "https://registry.npmjs.org/boxen/-/boxen-6.2.0.tgz",
      "integrity": "sha512-RgnYHtLIlz3VcoShtCMgcgDg5ZTW4wUhDYyQ8C1ovvfxZfbtCvb/X0wcoH/GTiC1XHDEGgJKMF0uQI3hzeanWw==",
      "requires": {
        "ansi-align": "^3.0.1",
        "camelcase": "^6.2.0",
        "chalk": "^4.1.2",
        "cli-boxes": "^3.0.0",
        "string-width": "^5.0.1",
        "type-fest": "^2.3.4",
        "widest-line": "^4.0.0",
        "wrap-ansi": "^8.0.1"
      },
      "dependencies": {
        "ansi-regex": {
          "version": "6.0.1",
          "resolved": "https://registry.npmjs.org/ansi-regex/-/ansi-regex-6.0.1.tgz",
          "integrity": "sha512-n5M855fKb2SsfMIiFFoVrABHJC8QtHwVx+mHWP3QcEqBHYienj5dHSgjbxtC0WEZXYt4wcD6zrQElDPhFuZgfA=="
        },
        "ansi-styles": {
          "version": "6.1.0",
          "resolved": "https://registry.npmjs.org/ansi-styles/-/ansi-styles-6.1.0.tgz",
          "integrity": "sha512-VbqNsoz55SYGczauuup0MFUyXNQviSpFTj1RQtFzmQLk18qbVSpTFFGMT293rmDaQuKCT6InmbuEyUne4mTuxQ=="
        },
        "emoji-regex": {
          "version": "9.2.2",
          "resolved": "https://registry.npmjs.org/emoji-regex/-/emoji-regex-9.2.2.tgz",
          "integrity": "sha512-L18DaJsXSUk2+42pv8mLs5jJT2hqFkFE4j21wOmgbUqsZ2hL72NsUU785g9RXgo3s0ZNgVl42TiHp3ZtOv/Vyg=="
        },
        "is-fullwidth-code-point": {
          "version": "4.0.0",
          "resolved": "https://registry.npmjs.org/is-fullwidth-code-point/-/is-fullwidth-code-point-4.0.0.tgz",
          "integrity": "sha512-O4L094N2/dZ7xqVdrXhh9r1KODPJpFms8B5sGdJLPy664AgvXsreZUyCQQNItZRDlYug4xStLjNp/sz3HvBowQ=="
        },
        "string-width": {
          "version": "5.0.1",
          "resolved": "https://registry.npmjs.org/string-width/-/string-width-5.0.1.tgz",
          "integrity": "sha512-5ohWO/M4//8lErlUUtrFy3b11GtNOuMOU0ysKCDXFcfXuuvUXu95akgj/i8ofmaGdN0hCqyl6uu9i8dS/mQp5g==",
          "requires": {
            "emoji-regex": "^9.2.2",
            "is-fullwidth-code-point": "^4.0.0",
            "strip-ansi": "^7.0.1"
          }
        },
        "strip-ansi": {
          "version": "7.0.1",
          "resolved": "https://registry.npmjs.org/strip-ansi/-/strip-ansi-7.0.1.tgz",
          "integrity": "sha512-cXNxvT8dFNRVfhVME3JAe98mkXDYN2O1l7jmcwMnOslDeESg1rF/OZMtK0nRAhiari1unG5cD4jG3rapUAkLbw==",
          "requires": {
            "ansi-regex": "^6.0.1"
          }
        },
        "type-fest": {
          "version": "2.3.4",
          "resolved": "https://registry.npmjs.org/type-fest/-/type-fest-2.3.4.tgz",
          "integrity": "sha512-2UdQc7cx8F4Ky81Xj7NYQKPhZVtDFbtorrkairIW66rW7xQj5msAhioXa04HqEdP4MD4K2G6QAF7Zyiw/Hju1Q=="
        },
        "wrap-ansi": {
          "version": "8.0.1",
          "resolved": "https://registry.npmjs.org/wrap-ansi/-/wrap-ansi-8.0.1.tgz",
          "integrity": "sha512-QFF+ufAqhoYHvoHdajT/Po7KoXVBPXS2bgjIam5isfWJPfIOnQZ50JtUiVvCv/sjgacf3yRrt2ZKUZ/V4itN4g==",
          "requires": {
            "ansi-styles": "^6.1.0",
            "string-width": "^5.0.1",
            "strip-ansi": "^7.0.1"
          }
        }
      }
    },
    "camelcase": {
      "version": "6.2.0",
      "resolved": "https://registry.npmjs.org/camelcase/-/camelcase-6.2.0.tgz",
      "integrity": "sha512-c7wVvbw3f37nuobQNtgsgG9POC9qMbNuMQmTCqZv23b6MIz0fcYpBiOlv9gEN/hdLdnZTDQhg6e9Dq5M1vKvfg=="
    },
    "chalk": {
      "version": "4.1.2",
      "resolved": "https://registry.npmjs.org/chalk/-/chalk-4.1.2.tgz",
      "integrity": "sha512-oKnbhFyRIXpUuez8iBMmyEa4nbj4IOQyuhc/wy9kY7/WVPcwIO9VA668Pu8RkO7+0G76SLROeyw9CpQ061i4mA==",
      "requires": {
        "ansi-styles": "^4.1.0",
        "supports-color": "^7.1.0"
      }
    },
    "cli-boxes": {
      "version": "3.0.0",
      "resolved": "https://registry.npmjs.org/cli-boxes/-/cli-boxes-3.0.0.tgz",
      "integrity": "sha512-/lzGpEWL/8PfI0BmBOPRwp0c/wFNX1RdUML3jK/RcSBA9T8mZDdQpqYBKtCFTOfQbwPqWEOpjqW+Fnayc0969g=="
    },
    "cli-spinner": {
      "version": "0.2.10",
      "resolved": "https://registry.npmjs.org/cli-spinner/-/cli-spinner-0.2.10.tgz",
      "integrity": "sha512-U0sSQ+JJvSLi1pAYuJykwiA8Dsr15uHEy85iCJ6A+0DjVxivr3d+N2Wjvodeg89uP5K6TswFkKBfAD7B3YSn/Q=="
    },
    "cliui": {
      "version": "7.0.4",
      "resolved": "https://registry.npmjs.org/cliui/-/cliui-7.0.4.tgz",
      "integrity": "sha512-OcRE68cOsVMXp1Yvonl/fzkQOyjLSu/8bhPDfQt0e0/Eb283TKP20Fs2MqoPsr9SwA595rRCA+QMzYc9nBP+JQ==",
      "requires": {
        "string-width": "^4.2.0",
        "strip-ansi": "^6.0.0",
        "wrap-ansi": "^7.0.0"
      }
    },
    "color-convert": {
      "version": "2.0.1",
      "resolved": "https://registry.npmjs.org/color-convert/-/color-convert-2.0.1.tgz",
      "integrity": "sha512-RRECPsj7iu/xb5oKYcsFHSppFNnsj/52OVTRKb4zP5onXwVF3zVmmToNcOfGC+CRDpfK/U584fMg38ZHCaElKQ==",
      "requires": {
        "color-name": "~1.1.4"
      }
    },
    "color-name": {
      "version": "1.1.4",
      "resolved": "https://registry.npmjs.org/color-name/-/color-name-1.1.4.tgz",
      "integrity": "sha512-dOy+3AuW3a2wNbZHIuMZpTcgjGuLU/uBL/ubcZF9OXbDo8ff4O8yVp5Bf0efS8uEoYo5q4Fx7dY9OgQGXgAsQA=="
    },
    "configstore": {
      "version": "6.0.0",
      "resolved": "https://registry.npmjs.org/configstore/-/configstore-6.0.0.tgz",
      "integrity": "sha512-cD31W1v3GqUlQvbBCGcXmd2Nj9SvLDOP1oQ0YFuLETufzSPaKp11rYBsSOm7rCsW3OnIRAFM3OxRhceaXNYHkA==",
      "requires": {
        "dot-prop": "^6.0.1",
        "graceful-fs": "^4.2.6",
        "unique-string": "^3.0.0",
        "write-file-atomic": "^3.0.3",
        "xdg-basedir": "^5.0.1"
      }
    },
    "crypto-random-string": {
      "version": "4.0.0",
      "resolved": "https://registry.npmjs.org/crypto-random-string/-/crypto-random-string-4.0.0.tgz",
      "integrity": "sha512-x8dy3RnvYdlUcPOjkEHqozhiwzKNSq7GcPuXFbnyMOCHxX8V3OgIg/pYuabl2sbUPfIJaeAQB7PMOK8DFIdoRA==",
      "requires": {
        "type-fest": "^1.0.1"
      }
    },
    "dot-prop": {
      "version": "6.0.1",
      "resolved": "https://registry.npmjs.org/dot-prop/-/dot-prop-6.0.1.tgz",
      "integrity": "sha512-tE7ztYzXHIeyvc7N+hR3oi7FIbf/NIjVP9hmAt3yMXzrQ072/fpjGLx2GxNxGxUl5V73MEqYzioOMoVhGMJ5cA==",
      "requires": {
        "is-obj": "^2.0.0"
      }
    },
    "emoji-regex": {
      "version": "8.0.0",
      "resolved": "https://registry.npmjs.org/emoji-regex/-/emoji-regex-8.0.0.tgz",
      "integrity": "sha512-MSjYzcWNOA0ewAHpz0MxpYFvwg6yjy1NG3xteoqz644VCo/RPgnr1/GGt+ic3iJTzQ8Eu3TdM14SawnVUmGE6A=="
    },
    "escalade": {
      "version": "3.1.1",
      "resolved": "https://registry.npmjs.org/escalade/-/escalade-3.1.1.tgz",
      "integrity": "sha512-k0er2gUkLf8O0zKJiAhmkTnJlTvINGv7ygDNPbeIsX/TJjGJZHuh9B2UxbsaEkmlEo9MfhrSzmhIlhRlI2GXnw=="
    },
    "follow-redirects": {
      "version": "1.14.4",
      "resolved": "https://registry.npmjs.org/follow-redirects/-/follow-redirects-1.14.4.tgz",
      "integrity": "sha512-zwGkiSXC1MUJG/qmeIFH2HBJx9u0V46QGUe3YR1fXG8bXQxq7fLj0RjLZQ5nubr9qNJUZrH+xUcwXEoXNpfS+g=="
    },
    "get-caller-file": {
      "version": "2.0.5",
      "resolved": "https://registry.npmjs.org/get-caller-file/-/get-caller-file-2.0.5.tgz",
      "integrity": "sha512-DyFP3BM/3YHTQOCUL/w0OZHR0lpKeGrxotcHWcqNEdnltqFwXVfhEBQ94eIo34AfQpo0rGki4cyIiftY06h2Fg=="
    },
    "graceful-fs": {
      "version": "4.2.8",
      "resolved": "https://registry.npmjs.org/graceful-fs/-/graceful-fs-4.2.8.tgz",
      "integrity": "sha512-qkIilPUYcNhJpd33n0GBXTB1MMPp14TxEsEs0pTrsSVucApsYzW5V+Q8Qxhik6KU3evy+qkAAowTByymK0avdg=="
    },
    "has-flag": {
      "version": "4.0.0",
      "resolved": "https://registry.npmjs.org/has-flag/-/has-flag-4.0.0.tgz",
      "integrity": "sha512-EykJT/Q1KjTWctppgIAgfSO0tKVuZUjhgMr17kqTumMl6Afv3EISleU7qZUzoXDFTAHTDC4NOoG/ZxU3EvlMPQ=="
    },
    "imurmurhash": {
      "version": "0.1.4",
      "resolved": "https://registry.npmjs.org/imurmurhash/-/imurmurhash-0.1.4.tgz",
      "integrity": "sha1-khi5srkoojixPcT7a21XbyMUU+o="
    },
    "is-fullwidth-code-point": {
      "version": "3.0.0",
      "resolved": "https://registry.npmjs.org/is-fullwidth-code-point/-/is-fullwidth-code-point-3.0.0.tgz",
      "integrity": "sha512-zymm5+u+sCsSWyD9qNaejV3DFvhCKclKdizYaJUuHA83RLjb7nSuGnddCHGv0hk+KY7BMAlsWeK4Ueg6EV6XQg=="
    },
    "is-obj": {
      "version": "2.0.0",
      "resolved": "https://registry.npmjs.org/is-obj/-/is-obj-2.0.0.tgz",
      "integrity": "sha512-drqDG3cbczxxEJRoOXcOjtdp1J/lyp1mNn0xaznRs8+muBhgQcrnbspox5X5fOw0HnMnbfDzvnEMEtqDEJEo8w=="
    },
    "is-typedarray": {
      "version": "1.0.0",
      "resolved": "https://registry.npmjs.org/is-typedarray/-/is-typedarray-1.0.0.tgz",
      "integrity": "sha1-5HnICFjfDBsR3dppQPlgEfzaSpo="
    },
    "kleur": {
      "version": "3.0.3",
      "resolved": "https://registry.npmjs.org/kleur/-/kleur-3.0.3.tgz",
      "integrity": "sha512-eTIzlVOSUR+JxdDFepEYcBMtZ9Qqdef+rnzWdRZuMbOywu5tO2w2N7rqjoANZ5k9vywhL6Br1VRjUIgTQx4E8w=="
    },
    "promisify-child-process": {
      "version": "4.1.1",
      "resolved": "https://registry.npmjs.org/promisify-child-process/-/promisify-child-process-4.1.1.tgz",
      "integrity": "sha512-/sRjHZwoXf1rJ+8s4oWjYjGRVKNK1DUnqfRC1Zek18pl0cN6k3yJ1cCbqd0tWNe4h0Gr+SY4vR42N33+T82WkA=="
    },
    "prompts": {
      "version": "2.4.1",
      "resolved": "https://registry.npmjs.org/prompts/-/prompts-2.4.1.tgz",
      "integrity": "sha512-EQyfIuO2hPDsX1L/blblV+H7I0knhgAd82cVneCwcdND9B8AuCDuRcBH6yIcG4dFzlOUqbazQqwGjx5xmsNLuQ==",
      "requires": {
        "kleur": "^3.0.3",
        "sisteransi": "^1.0.5"
      }
    },
    "require-directory": {
      "version": "2.1.1",
      "resolved": "https://registry.npmjs.org/require-directory/-/require-directory-2.1.1.tgz",
      "integrity": "sha1-jGStX9MNqxyXbiNE/+f3kqam30I="
    },
    "signal-exit": {
      "version": "3.0.5",
      "resolved": "https://registry.npmjs.org/signal-exit/-/signal-exit-3.0.5.tgz",
      "integrity": "sha512-KWcOiKeQj6ZyXx7zq4YxSMgHRlod4czeBQZrPb8OKcohcqAXShm7E20kEMle9WBt26hFcAf0qLOcp5zmY7kOqQ=="
    },
    "sisteransi": {
      "version": "1.0.5",
      "resolved": "https://registry.npmjs.org/sisteransi/-/sisteransi-1.0.5.tgz",
      "integrity": "sha512-bLGGlR1QxBcynn2d5YmDX4MGjlZvy2MRBDRNHLJ8VI6l6+9FUiyTFNJ0IveOSP0bcXgVDPRcfGqA0pjaqUpfVg=="
    },
    "string-width": {
      "version": "4.2.3",
      "resolved": "https://registry.npmjs.org/string-width/-/string-width-4.2.3.tgz",
      "integrity": "sha512-wKyQRQpjJ0sIp62ErSZdGsjMJWsap5oRNihHhu6G7JVO/9jIB6UyevL+tXuOqrng8j/cxKTWyWUwvSTriiZz/g==",
      "requires": {
        "emoji-regex": "^8.0.0",
        "is-fullwidth-code-point": "^3.0.0",
        "strip-ansi": "^6.0.1"
      }
    },
    "strip-ansi": {
      "version": "6.0.1",
      "resolved": "https://registry.npmjs.org/strip-ansi/-/strip-ansi-6.0.1.tgz",
      "integrity": "sha512-Y38VPSHcqkFrCpFnQ9vuSXmquuv5oXOKpGeT6aGrr3o3Gc9AlVa6JBfUSOCnbxGGZF+/0ooI7KrPuUSztUdU5A==",
      "requires": {
        "ansi-regex": "^5.0.1"
      }
    },
    "supports-color": {
      "version": "7.2.0",
      "resolved": "https://registry.npmjs.org/supports-color/-/supports-color-7.2.0.tgz",
      "integrity": "sha512-qpCAvRl9stuOHveKsn7HncJRvv501qIacKzQlO/+Lwxc9+0q2wLyv4Dfvt80/DPn2pqOBsJdDiogXGR9+OvwRw==",
      "requires": {
        "has-flag": "^4.0.0"
      }
    },
    "type-fest": {
      "version": "1.4.0",
      "resolved": "https://registry.npmjs.org/type-fest/-/type-fest-1.4.0.tgz",
      "integrity": "sha512-yGSza74xk0UG8k+pLh5oeoYirvIiWo5t0/o3zHHAO2tRDiZcxWP7fywNlXhqb6/r6sWvwi+RsyQMWhVLe4BVuA=="
    },
    "typedarray-to-buffer": {
      "version": "3.1.5",
      "resolved": "https://registry.npmjs.org/typedarray-to-buffer/-/typedarray-to-buffer-3.1.5.tgz",
      "integrity": "sha512-zdu8XMNEDepKKR+XYOXAVPtWui0ly0NtohUscw+UmaHiAWT8hrV1rr//H6V+0DvJ3OQ19S979M0laLfX8rm82Q==",
      "requires": {
        "is-typedarray": "^1.0.0"
      }
    },
    "unique-string": {
      "version": "3.0.0",
      "resolved": "https://registry.npmjs.org/unique-string/-/unique-string-3.0.0.tgz",
      "integrity": "sha512-VGXBUVwxKMBUznyffQweQABPRRW1vHZAbadFZud4pLFAqRGvv/96vafgjWFqzourzr8YonlQiPgH0YCJfawoGQ==",
      "requires": {
        "crypto-random-string": "^4.0.0"
      }
    },
    "widest-line": {
      "version": "4.0.0",
      "resolved": "https://registry.npmjs.org/widest-line/-/widest-line-4.0.0.tgz",
      "integrity": "sha512-g8sERtbgIEyfLAAog9CDLWsV9zs3Zbp7InQUYheKGDd+J/0HRxsjzx5TVAJK8Xaa2obLCkK3kH+q9j/dukjb3A==",
      "requires": {
        "string-width": "^5.0.0"
      },
      "dependencies": {
        "ansi-regex": {
          "version": "6.0.1",
          "resolved": "https://registry.npmjs.org/ansi-regex/-/ansi-regex-6.0.1.tgz",
          "integrity": "sha512-n5M855fKb2SsfMIiFFoVrABHJC8QtHwVx+mHWP3QcEqBHYienj5dHSgjbxtC0WEZXYt4wcD6zrQElDPhFuZgfA=="
        },
        "emoji-regex": {
          "version": "9.2.2",
          "resolved": "https://registry.npmjs.org/emoji-regex/-/emoji-regex-9.2.2.tgz",
          "integrity": "sha512-L18DaJsXSUk2+42pv8mLs5jJT2hqFkFE4j21wOmgbUqsZ2hL72NsUU785g9RXgo3s0ZNgVl42TiHp3ZtOv/Vyg=="
        },
        "is-fullwidth-code-point": {
          "version": "4.0.0",
          "resolved": "https://registry.npmjs.org/is-fullwidth-code-point/-/is-fullwidth-code-point-4.0.0.tgz",
          "integrity": "sha512-O4L094N2/dZ7xqVdrXhh9r1KODPJpFms8B5sGdJLPy664AgvXsreZUyCQQNItZRDlYug4xStLjNp/sz3HvBowQ=="
        },
        "string-width": {
          "version": "5.0.1",
          "resolved": "https://registry.npmjs.org/string-width/-/string-width-5.0.1.tgz",
          "integrity": "sha512-5ohWO/M4//8lErlUUtrFy3b11GtNOuMOU0ysKCDXFcfXuuvUXu95akgj/i8ofmaGdN0hCqyl6uu9i8dS/mQp5g==",
          "requires": {
            "emoji-regex": "^9.2.2",
            "is-fullwidth-code-point": "^4.0.0",
            "strip-ansi": "^7.0.1"
          }
        },
        "strip-ansi": {
          "version": "7.0.1",
          "resolved": "https://registry.npmjs.org/strip-ansi/-/strip-ansi-7.0.1.tgz",
          "integrity": "sha512-cXNxvT8dFNRVfhVME3JAe98mkXDYN2O1l7jmcwMnOslDeESg1rF/OZMtK0nRAhiari1unG5cD4jG3rapUAkLbw==",
          "requires": {
            "ansi-regex": "^6.0.1"
          }
        }
      }
    },
    "wrap-ansi": {
      "version": "7.0.0",
      "resolved": "https://registry.npmjs.org/wrap-ansi/-/wrap-ansi-7.0.0.tgz",
      "integrity": "sha512-YVGIj2kamLSTxw6NsZjoBxfSwsn0ycdesmc4p+Q21c5zPuZ1pl+NfxVdxPtdHvmNVOQ6XSYG4AUtyt/Fi7D16Q==",
      "requires": {
        "ansi-styles": "^4.0.0",
        "string-width": "^4.1.0",
        "strip-ansi": "^6.0.0"
      }
    },
    "write-file-atomic": {
      "version": "3.0.3",
      "resolved": "https://registry.npmjs.org/write-file-atomic/-/write-file-atomic-3.0.3.tgz",
      "integrity": "sha512-AvHcyZ5JnSfq3ioSyjrBkH9yW4m7Ayk8/9My/DD9onKeu/94fwrMocemO2QAJFAlnnDN+ZDS+ZjAR5ua1/PV/Q==",
      "requires": {
        "imurmurhash": "^0.1.4",
        "is-typedarray": "^1.0.0",
        "signal-exit": "^3.0.2",
        "typedarray-to-buffer": "^3.1.5"
      }
    },
    "xdg-basedir": {
      "version": "5.1.0",
      "resolved": "https://registry.npmjs.org/xdg-basedir/-/xdg-basedir-5.1.0.tgz",
      "integrity": "sha512-GCPAHLvrIH13+c0SuacwvRYj2SxJXQ4kaVTT5xgL3kPrz56XxkF21IGhjSE1+W0aw7gpBWRGXLCPnPby6lSpmQ=="
    },
    "y18n": {
      "version": "5.0.8",
      "resolved": "https://registry.npmjs.org/y18n/-/y18n-5.0.8.tgz",
      "integrity": "sha512-0pfFzegeDWJHJIAmTLRP2DwHjdF5s7jo9tuztdQxAhINCdvS+3nGINqPd00AphqJR/0LhANUS6/+7SCb98YOfA=="
    },
    "yargs": {
      "version": "17.2.1",
      "resolved": "https://registry.npmjs.org/yargs/-/yargs-17.2.1.tgz",
      "integrity": "sha512-XfR8du6ua4K6uLGm5S6fA+FIJom/MdJcFNVY8geLlp2v8GYbOXD4EB1tPNZsRn4vBzKGMgb5DRZMeWuFc2GO8Q==",
      "requires": {
        "cliui": "^7.0.2",
        "escalade": "^3.1.1",
        "get-caller-file": "^2.0.5",
        "require-directory": "^2.1.1",
        "string-width": "^4.2.0",
        "y18n": "^5.0.5",
        "yargs-parser": "^20.2.2"
      }
    },
    "yargs-parser": {
      "version": "20.2.9",
      "resolved": "https://registry.npmjs.org/yargs-parser/-/yargs-parser-20.2.9.tgz",
      "integrity": "sha512-y11nGElTIV+CT3Zv9t7VKl+Q3hTQoT9a1Qzezhhl6Rp21gJ/IVTW7Z3y9EWXhuUBC2Shnf+DX0antecpAwSP8w=="
    }
  }
}
